// !$*UTF8*$!
{
	archiveVersion = 1;
	classes = {
	};
	objectVersion = 56;
	objects = {

/* Begin PBXBuildFile section */
		F0BE06B229D644B100E9E733 /* AppDelegate.swift in Sources */ = {isa = PBXBuildFile; fileRef = F0BE06B129D644B100E9E733 /* AppDelegate.swift */; };
		F0BE06B429D644B100E9E733 /* SceneDelegate.swift in Sources */ = {isa = PBXBuildFile; fileRef = F0BE06B329D644B100E9E733 /* SceneDelegate.swift */; };
		F0BE06B629D644B100E9E733 /* ViewController.swift in Sources */ = {isa = PBXBuildFile; fileRef = F0BE06B529D644B100E9E733 /* ViewController.swift */; };
		F0BE06B929D644B100E9E733 /* Main.storyboard in Resources */ = {isa = PBXBuildFile; fileRef = F0BE06B729D644B100E9E733 /* Main.storyboard */; };
		F0BE06BB29D644B200E9E733 /* Assets.xcassets in Resources */ = {isa = PBXBuildFile; fileRef = F0BE06BA29D644B200E9E733 /* Assets.xcassets */; };
		F0BE06BE29D644B200E9E733 /* LaunchScreen.storyboard in Resources */ = {isa = PBXBuildFile; fileRef = F0BE06BC29D644B200E9E733 /* LaunchScreen.storyboard */; };
		F0BE06C929D644B200E9E733 /* RandomPhotoTests.swift in Sources */ = {isa = PBXBuildFile; fileRef = F0BE06C829D644B200E9E733 /* RandomPhotoTests.swift */; };
		F0BE06D329D644B200E9E733 /* RandomPhotoUITests.swift in Sources */ = {isa = PBXBuildFile; fileRef = F0BE06D229D644B200E9E733 /* RandomPhotoUITests.swift */; };
		F0BE06D529D644B200E9E733 /* RandomPhotoUITestsLaunchTests.swift in Sources */ = {isa = PBXBuildFile; fileRef = F0BE06D429D644B200E9E733 /* RandomPhotoUITestsLaunchTests.swift */; };
/* End PBXBuildFile section */

/* Begin PBXContainerItemProxy section */
		F0BE06C529D644B200E9E733 /* PBXContainerItemProxy */ = {
			isa = PBXContainerItemProxy;
			containerPortal = F0BE06A629D644B100E9E733 /* Project object */;
			proxyType = 1;
			remoteGlobalIDString = F0BE06AD29D644B100E9E733;
			remoteInfo = RandomPhoto;
		};
		F0BE06CF29D644B200E9E733 /* PBXContainerItemProxy */ = {
			isa = PBXContainerItemProxy;
			containerPortal = F0BE06A629D644B100E9E733 /* Project object */;
			proxyType = 1;
			remoteGlobalIDString = F0BE06AD29D644B100E9E733;
			remoteInfo = RandomPhoto;
		};
/* End PBXContainerItemProxy section */

/* Begin PBXFileReference section */
		F0BE06AE29D644B100E9E733 /* RandomPhoto.app */ = {isa = PBXFileReference; explicitFileType = wrapper.application; includeInIndex = 0; path = RandomPhoto.app; sourceTree = BUILT_PRODUCTS_DIR; };
		F0BE06B129D644B100E9E733 /* AppDelegate.swift */ = {isa = PBXFileReference; lastKnownFileType = sourcecode.swift; path = AppDelegate.swift; sourceTree = "<group>"; };
		F0BE06B329D644B100E9E733 /* SceneDelegate.swift */ = {isa = PBXFileReference; lastKnownFileType = sourcecode.swift; path = SceneDelegate.swift; sourceTree = "<group>"; };
		F0BE06B529D644B100E9E733 /* ViewController.swift */ = {isa = PBXFileReference; lastKnownFileType = sourcecode.swift; path = ViewController.swift; sourceTree = "<group>"; };
		F0BE06B829D644B100E9E733 /* Base */ = {isa = PBXFileReference; lastKnownFileType = file.storyboard; name = Base; path = Base.lproj/Main.storyboard; sourceTree = "<group>"; };
		F0BE06BA29D644B200E9E733 /* Assets.xcassets */ = {isa = PBXFileReference; lastKnownFileType = folder.assetcatalog; path = Assets.xcassets; sourceTree = "<group>"; };
		F0BE06BD29D644B200E9E733 /* Base */ = {isa = PBXFileReference; lastKnownFileType = file.storyboard; name = Base; path = Base.lproj/LaunchScreen.storyboard; sourceTree = "<group>"; };
		F0BE06BF29D644B200E9E733 /* Info.plist */ = {isa = PBXFileReference; lastKnownFileType = text.plist.xml; path = Info.plist; sourceTree = "<group>"; };
		F0BE06C429D644B200E9E733 /* RandomPhotoTests.xctest */ = {isa = PBXFileReference; explicitFileType = wrapper.cfbundle; includeInIndex = 0; path = RandomPhotoTests.xctest; sourceTree = BUILT_PRODUCTS_DIR; };
		F0BE06C829D644B200E9E733 /* RandomPhotoTests.swift */ = {isa = PBXFileReference; lastKnownFileType = sourcecode.swift; path = RandomPhotoTests.swift; sourceTree = "<group>"; };
		F0BE06CE29D644B200E9E733 /* RandomPhotoUITests.xctest */ = {isa = PBXFileReference; explicitFileType = wrapper.cfbundle; includeInIndex = 0; path = RandomPhotoUITests.xctest; sourceTree = BUILT_PRODUCTS_DIR; };
		F0BE06D229D644B200E9E733 /* RandomPhotoUITests.swift */ = {isa = PBXFileReference; lastKnownFileType = sourcecode.swift; path = RandomPhotoUITests.swift; sourceTree = "<group>"; };
		F0BE06D429D644B200E9E733 /* RandomPhotoUITestsLaunchTests.swift */ = {isa = PBXFileReference; lastKnownFileType = sourcecode.swift; path = RandomPhotoUITestsLaunchTests.swift; sourceTree = "<group>"; };
/* End PBXFileReference section */

/* Begin PBXFrameworksBuildPhase section */
		F0BE06AB29D644B100E9E733 /* Frameworks */ = {
			isa = PBXFrameworksBuildPhase;
			buildActionMask = 2147483647;
			files = (
			);
			runOnlyForDeploymentPostprocessing = 0;
		};
		F0BE06C129D644B200E9E733 /* Frameworks */ = {
			isa = PBXFrameworksBuildPhase;
			buildActionMask = 2147483647;
			files = (
			);
			runOnlyForDeploymentPostprocessing = 0;
		};
		F0BE06CB29D644B200E9E733 /* Frameworks */ = {
			isa = PBXFrameworksBuildPhase;
			buildActionMask = 2147483647;
			files = (
			);
			runOnlyForDeploymentPostprocessing = 0;
		};
/* End PBXFrameworksBuildPhase section */

/* Begin PBXGroup section */
		F0BE06A529D644B100E9E733 = {
			isa = PBXGroup;
			children = (
				F0BE06B029D644B100E9E733 /* RandomPhoto */,
				F0BE06C729D644B200E9E733 /* RandomPhotoTests */,
				F0BE06D129D644B200E9E733 /* RandomPhotoUITests */,
				F0BE06AF29D644B100E9E733 /* Products */,
			);
			sourceTree = "<group>";
		};
		F0BE06AF29D644B100E9E733 /* Products */ = {
			isa = PBXGroup;
			children = (
				F0BE06AE29D644B100E9E733 /* RandomPhoto.app */,
				F0BE06C429D644B200E9E733 /* RandomPhotoTests.xctest */,
				F0BE06CE29D644B200E9E733 /* RandomPhotoUITests.xctest */,
			);
			name = Products;
			sourceTree = "<group>";
		};
		F0BE06B029D644B100E9E733 /* RandomPhoto */ = {
			isa = PBXGroup;
			children = (
				F0BE06B129D644B100E9E733 /* AppDelegate.swift */,
				F0BE06B329D644B100E9E733 /* SceneDelegate.swift */,
				F0BE06B529D644B100E9E733 /* ViewController.swift */,
				F0BE06B729D644B100E9E733 /* Main.storyboard */,
				F0BE06BA29D644B200E9E733 /* Assets.xcassets */,
				F0BE06BC29D644B200E9E733 /* LaunchScreen.storyboard */,
				F0BE06BF29D644B200E9E733 /* Info.plist */,
			);
			path = RandomPhoto;
			sourceTree = "<group>";
		};
		F0BE06C729D644B200E9E733 /* RandomPhotoTests */ = {
			isa = PBXGroup;
			children = (
				F0BE06C829D644B200E9E733 /* RandomPhotoTests.swift */,
			);
			path = RandomPhotoTests;
			sourceTree = "<group>";
		};
		F0BE06D129D644B200E9E733 /* RandomPhotoUITests */ = {
			isa = PBXGroup;
			children = (
				F0BE06D229D644B200E9E733 /* RandomPhotoUITests.swift */,
				F0BE06D429D644B200E9E733 /* RandomPhotoUITestsLaunchTests.swift */,
			);
			path = RandomPhotoUITests;
			sourceTree = "<group>";
		};
/* End PBXGroup section */

/* Begin PBXNativeTarget section */
		F0BE06AD29D644B100E9E733 /* RandomPhoto */ = {
			isa = PBXNativeTarget;
			buildConfigurationList = F0BE06D829D644B200E9E733 /* Build configuration list for PBXNativeTarget "RandomPhoto" */;
			buildPhases = (
				F0BE06AA29D644B100E9E733 /* Sources */,
				F0BE06AB29D644B100E9E733 /* Frameworks */,
				F0BE06AC29D644B100E9E733 /* Resources */,
			);
			buildRules = (
			);
			dependencies = (
			);
			name = RandomPhoto;
			productName = RandomPhoto;
			productReference = F0BE06AE29D644B100E9E733 /* RandomPhoto.app */;
			productType = "com.apple.product-type.application";
		};
		F0BE06C329D644B200E9E733 /* RandomPhotoTests */ = {
			isa = PBXNativeTarget;
			buildConfigurationList = F0BE06DB29D644B200E9E733 /* Build configuration list for PBXNativeTarget "RandomPhotoTests" */;
			buildPhases = (
				F0BE06C029D644B200E9E733 /* Sources */,
				F0BE06C129D644B200E9E733 /* Frameworks */,
				F0BE06C229D644B200E9E733 /* Resources */,
			);
			buildRules = (
			);
			dependencies = (
				F0BE06C629D644B200E9E733 /* PBXTargetDependency */,
			);
			name = RandomPhotoTests;
			productName = RandomPhotoTests;
			productReference = F0BE06C429D644B200E9E733 /* RandomPhotoTests.xctest */;
			productType = "com.apple.product-type.bundle.unit-test";
		};
		F0BE06CD29D644B200E9E733 /* RandomPhotoUITests */ = {
			isa = PBXNativeTarget;
			buildConfigurationList = F0BE06DE29D644B200E9E733 /* Build configuration list for PBXNativeTarget "RandomPhotoUITests" */;
			buildPhases = (
				F0BE06CA29D644B200E9E733 /* Sources */,
				F0BE06CB29D644B200E9E733 /* Frameworks */,
				F0BE06CC29D644B200E9E733 /* Resources */,
			);
			buildRules = (
			);
			dependencies = (
				F0BE06D029D644B200E9E733 /* PBXTargetDependency */,
			);
			name = RandomPhotoUITests;
			productName = RandomPhotoUITests;
			productReference = F0BE06CE29D644B200E9E733 /* RandomPhotoUITests.xctest */;
			productType = "com.apple.product-type.bundle.ui-testing";
		};
/* End PBXNativeTarget section */

/* Begin PBXProject section */
		F0BE06A629D644B100E9E733 /* Project object */ = {
			isa = PBXProject;
			attributes = {
				BuildIndependentTargetsInParallel = 1;
				LastSwiftUpdateCheck = 1420;
				LastUpgradeCheck = 1420;
				TargetAttributes = {
					F0BE06AD29D644B100E9E733 = {
						CreatedOnToolsVersion = 14.2;
					};
					F0BE06C329D644B200E9E733 = {
						CreatedOnToolsVersion = 14.2;
						TestTargetID = F0BE06AD29D644B100E9E733;
					};
					F0BE06CD29D644B200E9E733 = {
						CreatedOnToolsVersion = 14.2;
						TestTargetID = F0BE06AD29D644B100E9E733;
					};
				};
			};
			buildConfigurationList = F0BE06A929D644B100E9E733 /* Build configuration list for PBXProject "RandomPhoto" */;
			compatibilityVersion = "Xcode 14.0";
			developmentRegion = en;
			hasScannedForEncodings = 0;
			knownRegions = (
				en,
				Base,
			);
			mainGroup = F0BE06A529D644B100E9E733;
			productRefGroup = F0BE06AF29D644B100E9E733 /* Products */;
			projectDirPath = "";
			projectRoot = "";
			targets = (
				F0BE06AD29D644B100E9E733 /* RandomPhoto */,
				F0BE06C329D644B200E9E733 /* RandomPhotoTests */,
				F0BE06CD29D644B200E9E733 /* RandomPhotoUITests */,
			);
		};
/* End PBXProject section */

/* Begin PBXResourcesBuildPhase section */
		F0BE06AC29D644B100E9E733 /* Resources */ = {
			isa = PBXResourcesBuildPhase;
			buildActionMask = 2147483647;
			files = (
				F0BE06BE29D644B200E9E733 /* LaunchScreen.storyboard in Resources */,
				F0BE06BB29D644B200E9E733 /* Assets.xcassets in Resources */,
				F0BE06B929D644B100E9E733 /* Main.storyboard in Resources */,
			);
			runOnlyForDeploymentPostprocessing = 0;
		};
		F0BE06C229D644B200E9E733 /* Resources */ = {
			isa = PBXResourcesBuildPhase;
			buildActionMask = 2147483647;
			files = (
			);
			runOnlyForDeploymentPostprocessing = 0;
		};
		F0BE06CC29D644B200E9E733 /* Resources */ = {
			isa = PBXResourcesBuildPhase;
			buildActionMask = 2147483647;
			files = (
			);
			runOnlyForDeploymentPostprocessing = 0;
		};
/* End PBXResourcesBuildPhase section */

/* Begin PBXSourcesBuildPhase section */
		F0BE06AA29D644B100E9E733 /* Sources */ = {
			isa = PBXSourcesBuildPhase;
			buildActionMask = 2147483647;
			files = (
				F0BE06B629D644B100E9E733 /* ViewController.swift in Sources */,
				F0BE06B229D644B100E9E733 /* AppDelegate.swift in Sources */,
				F0BE06B429D644B100E9E733 /* SceneDelegate.swift in Sources */,
			);
			runOnlyForDeploymentPostprocessing = 0;
		};
		F0BE06C029D644B200E9E733 /* Sources */ = {
			isa = PBXSourcesBuildPhase;
			buildActionMask = 2147483647;
			files = (
				F0BE06C929D644B200E9E733 /* RandomPhotoTests.swift in Sources */,
			);
			runOnlyForDeploymentPostprocessing = 0;
		};
		F0BE06CA29D644B200E9E733 /* Sources */ = {
			isa = PBXSourcesBuildPhase;
			buildActionMask = 2147483647;
			files = (
				F0BE06D529D644B200E9E733 /* RandomPhotoUITestsLaunchTests.swift in Sources */,
				F0BE06D329D644B200E9E733 /* RandomPhotoUITests.swift in Sources */,
			);
			runOnlyForDeploymentPostprocessing = 0;
		};
/* End PBXSourcesBuildPhase section */

/* Begin PBXTargetDependency section */
		F0BE06C629D644B200E9E733 /* PBXTargetDependency */ = {
			isa = PBXTargetDependency;
			target = F0BE06AD29D644B100E9E733 /* RandomPhoto */;
			targetProxy = F0BE06C529D644B200E9E733 /* PBXContainerItemProxy */;
		};
		F0BE06D029D644B200E9E733 /* PBXTargetDependency */ = {
			isa = PBXTargetDependency;
			target = F0BE06AD29D644B100E9E733 /* RandomPhoto */;
			targetProxy = F0BE06CF29D644B200E9E733 /* PBXContainerItemProxy */;
		};
/* End PBXTargetDependency section */

/* Begin PBXVariantGroup section */
		F0BE06B729D644B100E9E733 /* Main.storyboard */ = {
			isa = PBXVariantGroup;
			children = (
				F0BE06B829D644B100E9E733 /* Base */,
			);
			name = Main.storyboard;
			sourceTree = "<group>";
		};
		F0BE06BC29D644B200E9E733 /* LaunchScreen.storyboard */ = {
			isa = PBXVariantGroup;
			children = (
				F0BE06BD29D644B200E9E733 /* Base */,
			);
			name = LaunchScreen.storyboard;
			sourceTree = "<group>";
		};
/* End PBXVariantGroup section */

/* Begin XCBuildConfiguration section */
		F0BE06D629D644B200E9E733 /* Debug */ = {
			isa = XCBuildConfiguration;
			buildSettings = {
				ALWAYS_SEARCH_USER_PATHS = NO;
				CLANG_ANALYZER_NONNULL = YES;
				CLANG_ANALYZER_NUMBER_OBJECT_CONVERSION = YES_AGGRESSIVE;
				CLANG_CXX_LANGUAGE_STANDARD = "gnu++20";
				CLANG_ENABLE_MODULES = YES;
				CLANG_ENABLE_OBJC_ARC = YES;
				CLANG_ENABLE_OBJC_WEAK = YES;
				CLANG_WARN_BLOCK_CAPTURE_AUTORELEASING = YES;
				CLANG_WARN_BOOL_CONVERSION = YES;
				CLANG_WARN_COMMA = YES;
				CLANG_WARN_CONSTANT_CONVERSION = YES;
				CLANG_WARN_DEPRECATED_OBJC_IMPLEMENTATIONS = YES;
				CLANG_WARN_DIRECT_OBJC_ISA_USAGE = YES_ERROR;
				CLANG_WARN_DOCUMENTATION_COMMENTS = YES;
				CLANG_WARN_EMPTY_BODY = YES;
				CLANG_WARN_ENUM_CONVERSION = YES;
				CLANG_WARN_INFINITE_RECURSION = YES;
				CLANG_WARN_INT_CONVERSION = YES;
				CLANG_WARN_NON_LITERAL_NULL_CONVERSION = YES;
				CLANG_WARN_OBJC_IMPLICIT_RETAIN_SELF = YES;
				CLANG_WARN_OBJC_LITERAL_CONVERSION = YES;
				CLANG_WARN_OBJC_ROOT_CLASS = YES_ERROR;
				CLANG_WARN_QUOTED_INCLUDE_IN_FRAMEWORK_HEADER = YES;
				CLANG_WARN_RANGE_LOOP_ANALYSIS = YES;
				CLANG_WARN_STRICT_PROTOTYPES = YES;
				CLANG_WARN_SUSPICIOUS_MOVE = YES;
				CLANG_WARN_UNGUARDED_AVAILABILITY = YES_AGGRESSIVE;
				CLANG_WARN_UNREACHABLE_CODE = YES;
				CLANG_WARN__DUPLICATE_METHOD_MATCH = YES;
				COPY_PHASE_STRIP = NO;
				DEBUG_INFORMATION_FORMAT = dwarf;
				ENABLE_STRICT_OBJC_MSGSEND = YES;
				ENABLE_TESTABILITY = YES;
				GCC_C_LANGUAGE_STANDARD = gnu11;
				GCC_DYNAMIC_NO_PIC = NO;
				GCC_NO_COMMON_BLOCKS = YES;
				GCC_OPTIMIZATION_LEVEL = 0;
				GCC_PREPROCESSOR_DEFINITIONS = (
					"DEBUG=1",
					"$(inherited)",
				);
				GCC_WARN_64_TO_32_BIT_CONVERSION = YES;
				GCC_WARN_ABOUT_RETURN_TYPE = YES_ERROR;
				GCC_WARN_UNDECLARED_SELECTOR = YES;
				GCC_WARN_UNINITIALIZED_AUTOS = YES_AGGRESSIVE;
				GCC_WARN_UNUSED_FUNCTION = YES;
				GCC_WARN_UNUSED_VARIABLE = YES;
				IPHONEOS_DEPLOYMENT_TARGET = 16.2;
				MTL_ENABLE_DEBUG_INFO = INCLUDE_SOURCE;
				MTL_FAST_MATH = YES;
				ONLY_ACTIVE_ARCH = YES;
				SDKROOT = iphoneos;
				SWIFT_ACTIVE_COMPILATION_CONDITIONS = DEBUG;
				SWIFT_OPTIMIZATION_LEVEL = "-Onone";
			};
			name = Debug;
		};
		F0BE06D729D644B200E9E733 /* Release */ = {
			isa = XCBuildConfiguration;
			buildSettings = {
				ALWAYS_SEARCH_USER_PATHS = NO;
				CLANG_ANALYZER_NONNULL = YES;
				CLANG_ANALYZER_NUMBER_OBJECT_CONVERSION = YES_AGGRESSIVE;
				CLANG_CXX_LANGUAGE_STANDARD = "gnu++20";
				CLANG_ENABLE_MODULES = YES;
				CLANG_ENABLE_OBJC_ARC = YES;
				CLANG_ENABLE_OBJC_WEAK = YES;
				CLANG_WARN_BLOCK_CAPTURE_AUTORELEASING = YES;
				CLANG_WARN_BOOL_CONVERSION = YES;
				CLANG_WARN_COMMA = YES;
				CLANG_WARN_CONSTANT_CONVERSION = YES;
				CLANG_WARN_DEPRECATED_OBJC_IMPLEMENTATIONS = YES;
				CLANG_WARN_DIRECT_OBJC_ISA_USAGE = YES_ERROR;
				CLANG_WARN_DOCUMENTATION_COMMENTS = YES;
				CLANG_WARN_EMPTY_BODY = YES;
				CLANG_WARN_ENUM_CONVERSION = YES;
				CLANG_WARN_INFINITE_RECURSION = YES;
				CLANG_WARN_INT_CONVERSION = YES;
				CLANG_WARN_NON_LITERAL_NULL_CONVERSION = YES;
				CLANG_WARN_OBJC_IMPLICIT_RETAIN_SELF = YES;
				CLANG_WARN_OBJC_LITERAL_CONVERSION = YES;
				CLANG_WARN_OBJC_ROOT_CLASS = YES_ERROR;
				CLANG_WARN_QUOTED_INCLUDE_IN_FRAMEWORK_HEADER = YES;
				CLANG_WARN_RANGE_LOOP_ANALYSIS = YES;
				CLANG_WARN_STRICT_PROTOTYPES = YES;
				CLANG_WARN_SUSPICIOUS_MOVE = YES;
				CLANG_WARN_UNGUARDED_AVAILABILITY = YES_AGGRESSIVE;
				CLANG_WARN_UNREACHABLE_CODE = YES;
				CLANG_WARN__DUPLICATE_METHOD_MATCH = YES;
				COPY_PHASE_STRIP = NO;
				DEBUG_INFORMATION_FORMAT = "dwarf-with-dsym";
				ENABLE_NS_ASSERTIONS = NO;
				ENABLE_STRICT_OBJC_MSGSEND = YES;
				GCC_C_LANGUAGE_STANDARD = gnu11;
				GCC_NO_COMMON_BLOCKS = YES;
				GCC_WARN_64_TO_32_BIT_CONVERSION = YES;
				GCC_WARN_ABOUT_RETURN_TYPE = YES_ERROR;
				GCC_WARN_UNDECLARED_SELECTOR = YES;
				GCC_WARN_UNINITIALIZED_AUTOS = YES_AGGRESSIVE;
				GCC_WARN_UNUSED_FUNCTION = YES;
				GCC_WARN_UNUSED_VARIABLE = YES;
				IPHONEOS_DEPLOYMENT_TARGET = 16.2;
				MTL_ENABLE_DEBUG_INFO = NO;
				MTL_FAST_MATH = YES;
				SDKROOT = iphoneos;
				SWIFT_COMPILATION_MODE = wholemodule;
				SWIFT_OPTIMIZATION_LEVEL = "-O";
				VALIDATE_PRODUCT = YES;
			};
			name = Release;
		};
		F0BE06D929D644B200E9E733 /* Debug */ = {
			isa = XCBuildConfiguration;
			buildSettings = {
				ASSETCATALOG_COMPILER_APPICON_NAME = AppIcon;
				ASSETCATALOG_COMPILER_GLOBAL_ACCENT_COLOR_NAME = AccentColor;
				CODE_SIGN_STYLE = Automatic;
				CURRENT_PROJECT_VERSION = 1;
				GENERATE_INFOPLIST_FILE = YES;
				INFOPLIST_FILE = RandomPhoto/Info.plist;
				INFOPLIST_KEY_UIApplicationSupportsIndirectInputEvents = YES;
				INFOPLIST_KEY_UILaunchStoryboardName = LaunchScreen;
				INFOPLIST_KEY_UIMainStoryboardFile = Main;
				INFOPLIST_KEY_UISupportedInterfaceOrientations_iPad = "UIInterfaceOrientationPortrait UIInterfaceOrientationPortraitUpsideDown UIInterfaceOrientationLandscapeLeft UIInterfaceOrientationLandscapeRight";
				INFOPLIST_KEY_UISupportedInterfaceOrientations_iPhone = "UIInterfaceOrientationPortrait UIInterfaceOrientationLandscapeLeft UIInterfaceOrientationLandscapeRight";
				LD_RUNPATH_SEARCH_PATHS = (
					"$(inherited)",
					"@executable_path/Frameworks",
				);
				MARKETING_VERSION = 1.0;
				PRODUCT_BUNDLE_IDENTIFIER = io.isacademy2.RandomPhoto;
				PRODUCT_NAME = "$(TARGET_NAME)";
				SWIFT_EMIT_LOC_STRINGS = YES;
				SWIFT_VERSION = 5.0;
				TARGETED_DEVICE_FAMILY = "1,2";
			};
			name = Debug;
		};
		F0BE06DA29D644B200E9E733 /* Release */ = {
			isa = XCBuildConfiguration;
			buildSettings = {
				ASSETCATALOG_COMPILER_APPICON_NAME = AppIcon;
				ASSETCATALOG_COMPILER_GLOBAL_ACCENT_COLOR_NAME = AccentColor;
				CODE_SIGN_STYLE = Automatic;
				CURRENT_PROJECT_VERSION = 1;
				GENERATE_INFOPLIST_FILE = YES;
				INFOPLIST_FILE = RandomPhoto/Info.plist;
				INFOPLIST_KEY_UIApplicationSupportsIndirectInputEvents = YES;
				INFOPLIST_KEY_UILaunchStoryboardName = LaunchScreen;
				INFOPLIST_KEY_UIMainStoryboardFile = Main;
				INFOPLIST_KEY_UISupportedInterfaceOrientations_iPad = "UIInterfaceOrientationPortrait UIInterfaceOrientationPortraitUpsideDown UIInterfaceOrientationLandscapeLeft UIInterfaceOrientationLandscapeRight";
				INFOPLIST_KEY_UISupportedInterfaceOrientations_iPhone = "UIInterfaceOrientationPortrait UIInterfaceOrientationLandscapeLeft UIInterfaceOrientationLandscapeRight";
				LD_RUNPATH_SEARCH_PATHS = (
					"$(inherited)",
					"@executable_path/Frameworks",
				);
				MARKETING_VERSION = 1.0;
				PRODUCT_BUNDLE_IDENTIFIER = io.isacademy2.RandomPhoto;
				PRODUCT_NAME = "$(TARGET_NAME)";
				SWIFT_EMIT_LOC_STRINGS = YES;
				SWIFT_VERSION = 5.0;
				TARGETED_DEVICE_FAMILY = "1,2";
			};
			name = Release;
		};
		F0BE06DC29D644B200E9E733 /* Debug */ = {
			isa = XCBuildConfiguration;
			buildSettings = {
				ALWAYS_EMBED_SWIFT_STANDARD_LIBRARIES = YES;
				BUNDLE_LOADER = "$(TEST_HOST)";
				CODE_SIGN_STYLE = Automatic;
				CURRENT_PROJECT_VERSION = 1;
				GENERATE_INFOPLIST_FILE = YES;
				IPHONEOS_DEPLOYMENT_TARGET = 16.2;
				MARKETING_VERSION = 1.0;
				PRODUCT_BUNDLE_IDENTIFIER = io.isacademy2.RandomPhotoTests;
				PRODUCT_NAME = "$(TARGET_NAME)";
				SWIFT_EMIT_LOC_STRINGS = NO;
				SWIFT_VERSION = 5.0;
				TARGETED_DEVICE_FAMILY = "1,2";
				TEST_HOST = "$(BUILT_PRODUCTS_DIR)/RandomPhoto.app/$(BUNDLE_EXECUTABLE_FOLDER_PATH)/RandomPhoto";
			};
			name = Debug;
		};
		F0BE06DD29D644B200E9E733 /* Release */ = {
			isa = XCBuildConfiguration;
			buildSettings = {
				ALWAYS_EMBED_SWIFT_STANDARD_LIBRARIES = YES;
				BUNDLE_LOADER = "$(TEST_HOST)";
				CODE_SIGN_STYLE = Automatic;
				CURRENT_PROJECT_VERSION = 1;
				GENERATE_INFOPLIST_FILE = YES;
				IPHONEOS_DEPLOYMENT_TARGET = 16.2;
				MARKETING_VERSION = 1.0;
				PRODUCT_BUNDLE_IDENTIFIER = io.isacademy2.RandomPhotoTests;
				PRODUCT_NAME = "$(TARGET_NAME)";
				SWIFT_EMIT_LOC_STRINGS = NO;
				SWIFT_VERSION = 5.0;
				TARGETED_DEVICE_FAMILY = "1,2";
				TEST_HOST = "$(BUILT_PRODUCTS_DIR)/RandomPhoto.app/$(BUNDLE_EXECUTABLE_FOLDER_PATH)/RandomPhoto";
			};
			name = Release;
		};
		F0BE06DF29D644B200E9E733 /* Debug */ = {
			isa = XCBuildConfiguration;
			buildSettings = {
				ALWAYS_EMBED_SWIFT_STANDARD_LIBRARIES = YES;
				CODE_SIGN_STYLE = Automatic;
				CURRENT_PROJECT_VERSION = 1;
				GENERATE_INFOPLIST_FILE = YES;
				MARKETING_VERSION = 1.0;
				PRODUCT_BUNDLE_IDENTIFIER = io.isacademy2.RandomPhotoUITests;
				PRODUCT_NAME = "$(TARGET_NAME)";
				SWIFT_EMIT_LOC_STRINGS = NO;
				SWIFT_VERSION = 5.0;
				TARGETED_DEVICE_FAMILY = "1,2";
				TEST_TARGET_NAME = RandomPhoto;
			};
			name = Debug;
		};
		F0BE06E029D644B200E9E733 /* Release */ = {
			isa = XCBuildConfiguration;
			buildSettings = {
				ALWAYS_EMBED_SWIFT_STANDARD_LIBRARIES = YES;
				CODE_SIGN_STYLE = Automatic;
				CURRENT_PROJECT_VERSION = 1;
				GENERATE_INFOPLIST_FILE = YES;
				MARKETING_VERSION = 1.0;
				PRODUCT_BUNDLE_IDENTIFIER = io.isacademy2.RandomPhotoUITests;
				PRODUCT_NAME = "$(TARGET_NAME)";
				SWIFT_EMIT_LOC_STRINGS = NO;
				SWIFT_VERSION = 5.0;
				TARGETED_DEVICE_FAMILY = "1,2";
				TEST_TARGET_NAME = RandomPhoto;
			};
			name = Release;
		};
/* End XCBuildConfiguration section */

/* Begin XCConfigurationList section */
		F0BE06A929D644B100E9E733 /* Build configuration list for PBXProject "RandomPhoto" */ = {
			isa = XCConfigurationList;
			buildConfigurations = (
				F0BE06D629D644B200E9E733 /* Debug */,
				F0BE06D729D644B200E9E733 /* Release */,
			);
			defaultConfigurationIsVisible = 0;
			defaultConfigurationName = Release;
		};
		F0BE06D829D644B200E9E733 /* Build configuration list for PBXNativeTarget "RandomPhoto" */ = {
			isa = XCConfigurationList;
			buildConfigurations = (
				F0BE06D929D644B200E9E733 /* Debug */,
				F0BE06DA29D644B200E9E733 /* Release */,
			);
			defaultConfigurationIsVisible = 0;
			defaultConfigurationName = Release;
		};
		F0BE06DB29D644B200E9E733 /* Build configuration list for PBXNativeTarget "RandomPhotoTests" */ = {
			isa = XCConfigurationList;
			buildConfigurations = (
				F0BE06DC29D644B200E9E733 /* Debug */,
				F0BE06DD29D644B200E9E733 /* Release */,
			);
			defaultConfigurationIsVisible = 0;
			defaultConfigurationName = Release;
		};
		F0BE06DE29D644B200E9E733 /* Build configuration list for PBXNativeTarget "RandomPhotoUITests" */ = {
			isa = XCConfigurationList;
			buildConfigurations = (
				F0BE06DF29D644B200E9E733 /* Debug */,
				F0BE06E029D644B200E9E733 /* Release */,
			);
			defaultConfigurationIsVisible = 0;
			defaultConfigurationName = Release;
		};
/* End XCConfigurationList section */
	};
	rootObject = F0BE06A629D644B100E9E733 /* Project object */;
}
